
Microsoft Visual Studio Solution File, Format Version 12.00
# Visual Studio Version 17
VisualStudioVersion = 17.1.32210.238
MinimumVisualStudioVersion = 10.0.40219.1
Project("{FAE04EC0-301F-11D3-BF4B-00C04F79EFBC}") = "FileWebApp", "FileWebApp\FileWebApp.csproj", "{00884BE5-148E-46BC-A326-42DFF1DAB4B6}"
EndProject
Global
	GlobalSection(SolutionConfigurationPlatforms) = preSolution
		Debug|Any CPU = Debug|Any CPU
		Release|Any CPU = Release|Any CPU
	EndGlobalSection
	GlobalSection(ProjectConfigurationPlatforms) = postSolution
		{00884BE5-148E-46BC-A326-42DFF1DAB4B6}.Debug|Any CPU.ActiveCfg = Debug|Any CPU
		{00884BE5-148E-46BC-A326-42DFF1DAB4B6}.Debug|Any CPU.Build.0 = Debug|Any CPU
		{00884BE5-148E-46BC-A326-42DFF1DAB4B6}.Release|Any CPU.ActiveCfg = Release|Any CPU
		{00884BE5-148E-46BC-A326-42DFF1DAB4B6}.Release|Any CPU.Build.0 = Release|Any CPU
	EndGlobalSection
	GlobalSection(SolutionProperties) = preSolution
		HideSolutionNode = FALSE
	EndGlobalSection
	GlobalSection(ExtensibilityGlobals) = postSolution
		SolutionGuid = {8F528AD6-D339-4F0B-B969-B334A1C6AC85}
	EndGlobalSection
EndGlobal
